<?xml version="1.0" encoding="utf-8"?>
<Project ToolsVersion="4.0" xmlns="http://schemas.microsoft.com/developer/msbuild/2003">
  <ItemGroup>
    <Filter Include="Source Files">
      <UniqueIdentifier>{4FC737F1-C7A5-4376-A066-2A32D752A2FF}</UniqueIdentifier>
      <Extensions>cpp;c;cc;cxx;c++;cppm;ixx;def;odl;idl;hpj;bat;asm;asmx</Extensions>
    </Filter>
    <Filter Include="Header Files">
      <UniqueIdentifier>{93995380-89BD-4b04-88EB-625FBE52EBFB}</UniqueIdentifier>
      <Extensions>h;hh;hpp;hxx;h++;hm;inl;inc;ipp;xsd</Extensions>
    </Filter>
    <Filter Include="Resource Files">
      <UniqueIdentifier>{67DA6AB6-F800-4c08-8B7A-83BB121AAD01}</UniqueIdentifier>
      <Extensions>rc;ico;cur;bmp;dlg;rc2;rct;bin;rgs;gif;jpg;jpeg;jpe;resx;tiff;tif;png;wav;mfcribbon-ms</Extensions>
    </Filter>
  </ItemGroup>
  <ItemGroup>
    <ClInclude Include="BackupEngine.h">
      <Filter>Header Files</Filter>
    </ClInclude>
    <ClInclude Include="BrowserPreferencesJson.h">
      <Filter>Header Files</Filter>
    </ClInclude>
    <ClInclude Include="BrowserTitle.h">
      <Filter>Header Files</Filter>
    </ClInclude>
    <ClInclude Include="ClientShortcutName.h">
      <Filter>Header Files</Filter>
    </ClInclude>
    <ClInclude Include="ConfigPersistence.h">
      <Filter>Header Files</Filter>
    </ClInclude>
    <ClInclude Include="GuidedWalkthrough.h">
      <Filter>Header Files</Filter>
    </ClInclude>
    <ClInclude Include="targetver.h">
      <Filter>Header Files</Filter>
    </ClInclude>
    <ClInclude Include="Resource.h">
      <Filter>Header Files</Filter>
    </ClInclude>
    <ClInclude Include="InProc7z.h">
      <Filter>Header Files</Filter>
    </ClInclude>
    <ClInclude Include="ProgressUI.h">
      <Filter>Header Files</Filter>
    </ClInclude>
    <ClInclude Include="CleanupResultPages.h">
      <Filter>Header Files</Filter>
    </ClInclude>
    <ClInclude Include="OwnerDrawUi.h">
      <Filter>Header Files</Filter>
    </ClInclude>
    <ClInclude Include="theme.h">
      <Filter>Header Files</Filter>
    </ClInclude>
    <ClInclude Include="version.h">
      <Filter>Header Files</Filter>
    </ClInclude>
  </ItemGroup>
  <ItemGroup>
    <ClCompile Include="BackupEngine.cpp">
      <Filter>Source Files</Filter>
    </ClCompile>
    <ClCompile Include="BrowserPreferencesJson.cpp">
      <Filter>Source Files</Filter>
    </ClCompile>
    <ClCompile Include="ConfigPersistence.cpp">
      <Filter>Source Files</Filter>
    </ClCompile>
    <ClCompile Include="GuidedWalkthrough.cpp">
      <Filter>Source Files</Filter>
    </ClCompile>
    <ClCompile Include="ctSpaces.cpp">
      <Filter>Source Files</Filter>
    </ClCompile>
    <ClCompile Include="InProc7z.cpp">
      <Filter>Source Files</Filter>
    </ClCompile>
    <ClCompile Include="ProgressUI.cpp">
      <Filter>Source Files</Filter>
    </ClCompile>
  </ItemGroup>
  <ItemGroup>
    <ResourceCompile Include="ctSpaces.rc">
      <Filter>Resource Files</Filter>
    </ResourceCompile>
  </ItemGroup>
  <ItemGroup>
    <Image Include="icons\addico_b.ico">
      <Filter>Resource Files</Filter>
    </Image>
    <Image Include="icons\addico_w.ico">
      <Filter>Resource Files</Filter>
    </Image>
    <Image Include="icons\broom.ico">
      <Filter>Resource Files</Filter>
    </Image>
    <Image Include="icons\browser.ico">
      <Filter>Resource Files</Filter>
    </Image>
    <Image Include="icons\color_b.ico">
      <Filter>Resource Files</Filter>
    </Image>
    <Image Include="icons\color_w.ico">
      <Filter>Resource Files</Filter>
    </Image>
    <Image Include="icons\config_b.ico">
      <Filter>Resource Files</Filter>
    </Image>
    <Image Include="icons\config_w.ico">
      <Filter>Resource Files</Filter>
    </Image>
    <Image Include="icons\ctdkgrsq.ico">
      <Filter>Resource Files</Filter>
    </Image>
    <Image Include="icons\delete_b.ico">
      <Filter>Resource Files</Filter>
    </Image>
    <Image Include="icons\delete_w.ico">
      <Filter>Resource Files</Filter>
    </Image>
    <Image Include="icons\editdef_b.ico">
      <Filter>Resource Files</Filter>
    </Image>
    <Image Include="icons\editdef_w.ico">
      <Filter>Resource Files</Filter>
    </Image>
    <Image Include="icons\InfinityRND.ico">
      <Filter>Resource Files</Filter>
    </Image>
    <Image Include="icons\info_b.ico">
      <Filter>Resource Files</Filter>
    </Image>
    <Image Include="icons\info_w.ico">
      <Filter>Resource Files</Filter>
    </Image>
    <Image Include="icons\noimg_b.ico">
      <Filter>Resource Files</Filter>
    </Image>
    <Image Include="icons\noimg_w.ico">
      <Filter>Resource Files</Filter>
    </Image>
    <Image Include="icons\nuke.ico">
      <Filter>Resource Files</Filter>
    </Image>
    <Image Include="icons\refresh_b.ico">
      <Filter>Resource Files</Filter>
    </Image>
    <Image Include="icons\refresh_w.ico">
      <Filter>Resource Files</Filter>
    </Image>
    <Image Include="icons\temp_b.ico">
      <Filter>Resource Files</Filter>
    </Image>
    <Image Include="icons\temp_w.ico">
      <Filter>Resource Files</Filter>
    </Image>
  </ItemGroup>
  <ItemGroup>
    <None Include="Default.7z" />
    <None Include="tools\Sanitize-DefaultProfileDirectory.ps1">
      <Filter>Resource Files</Filter>
    </None>
  </ItemGroup>
</Project>
